
Microsoft Visual Studio Solution File, Format Version 12.00
# Visual Studio Version 17
VisualStudioVersion = 17.7.34024.191
MinimumVisualStudioVersion = 10.0.40219.1
Project("{FAE04EC0-301F-11D3-BF4B-00C04F79EFBC}") = "deckCards", "deckCards\deckCards.csproj", "{AB51BD7C-C399-4271-9713-370F71E1BCAA}"
EndProject
Global
	GlobalSection(SolutionConfigurationPlatforms) = preSolution
		Debug|Any CPU = Debug|Any CPU
		Release|Any CPU = Release|Any CPU
	EndGlobalSection
	GlobalSection(ProjectConfigurationPlatforms) = postSolution
		{AB51BD7C-C399-4271-9713-370F71E1BCAA}.Debug|Any CPU.ActiveCfg = Debug|Any CPU
		{AB51BD7C-C399-4271-9713-370F71E1BCAA}.Debug|Any CPU.Build.0 = Debug|Any CPU
		{AB51BD7C-C399-4271-9713-370F71E1BCAA}.Release|Any CPU.ActiveCfg = Release|Any CPU
		{AB51BD7C-C399-4271-9713-370F71E1BCAA}.Release|Any CPU.Build.0 = Release|Any CPU
	EndGlobalSection
	GlobalSection(SolutionProperties) = preSolution
		HideSolutionNode = FALSE
	EndGlobalSection
	GlobalSection(ExtensibilityGlobals) = postSolution
		SolutionGuid = {7FF76A5A-97F1-4299-9AD3-B65AA70948B5}
	EndGlobalSection
EndGlobal
